github.com/zhujintao/kit-go/ssh v0.0.0-20251016111736-855e8eca55bd h1:RQ1a1bhT1mzZrDf9dr4Sa5RfIygtkdAFyxbbREHMHOI=
github.com/zhujintao/kit-go/ssh v0.0.0-20251016111736-855e8eca55bd/go.mod h1:oyBIVJhUINQ/BocN6+HOVR7u7cL7mxUrqkIakMzN99Y=
github.com/zhujintao/kit-go/ssh v0.0.0-20251016150618-229b253dbaee h1:kPPdHsJkNfgD/CcwF5kPZLXFkxTE5l4xBeSl4yMoB2g=
github.com/zhujintao/kit-go/ssh v0.0.0-20251016150618-229b253dbaee/go.mod h1:dRRUJ1XoeVu26rWUVkvPRlZpA0D6eL97VgKZpX0B3yc=
github.com/zhujintao/kit-go/ssh v0.0.0-20251016153359-f09281e48bed h1:Id8wpVOCe4F6NE8euR4IueTcZu7upG9JmMxUx+UWmAs=
github.com/zhujintao/kit-go/ssh v0.0.0-20251016153359-f09281e48bed/go.mod h1:dRRUJ1XoeVu26rWUVkvPRlZpA0D6eL97VgKZpX0B3yc=
github.com/zhujintao/kit-go/ssh v0.0.0-20251016162418-e8604ba3df72 h1:lH+7GbPGgXm8fHypuNQGgXac2A9i061MVJN4wS14zQM=
github.com/zhujintao/kit-go/ssh v0.0.0-20251016162418-e8604ba3df72/go.mod h1:dRRUJ1XoeVu26rWUVkvPRlZpA0D6eL97VgKZpX0B3yc=
github.com/zhujintao/kit-go/ssh v0.0.0-20251017021454-0478664be65f h1:71b0QTppnTwqgglq8qhZNUa5FJLecBN9EZbu/VYg7tQ=
github.com/zhujintao/kit-go/ssh v0.0.0-20251017021454-0478664be65f/go.mod h1:dRRUJ1XoeVu26rWUVkvPRlZpA0D6eL97VgKZpX0B3yc=
github.com/zhujintao/kit-go/ssh v0.0.0-20251017025821-00db9ccc3841 h1:9WFDYPY7i5xB4bpMc7MxiT6HaR2l0VmwgEnfDbYO58I=
github.com/zhujintao/kit-go/ssh v0.0.0-20251017025821-00db9ccc3841/go.mod h1:dRRUJ1XoeVu26rWUVkvPRlZpA0D6eL97VgKZpX0B3yc=
github.com/zhujintao/kit-go/ssh v0.0.0-20251017031729-471172f0ba4d h1:RMEJyl+8ZRH5wJsTzOeWqN9hzC8XjrPrzQDcsUBUgCg=
github.com/zhujintao/kit-go/ssh v0.0.0-20251017031729-471172f0ba4d/go.mod h1:dRRUJ1XoeVu26rWUVkvPRlZpA0D6eL97VgKZpX0B3yc=
golang.org/x/crypto v0.43.0 h1:dduJYIi3A3KOfdGOHX8AVZ/jGiyPa3IbBozJ5kNuE04=
golang.org/x/crypto v0.43.0/go.mod h1:BFbav4mRNlXJL4wNeejLpWxB7wMbc79PdRGhWKncxR0=
golang.org/x/crypto v0.44.0 h1:A97SsFvM3AIwEEmTBiaxPPTYpDC47w720rdiiUvgoAU=
golang.org/x/crypto v0.44.0/go.mod h1:013i+Nw79BMiQiMsOPcVCB5ZIJbYkerPrGnOa00tvmc=
golang.org/x/net v0.45.0 h1:RLBg5JKixCy82FtLJpeNlVM0nrSqpCRYzVU1n8kj0tM=
golang.org/x/net v0.45.0/go.mod h1:ECOoLqd5U3Lhyeyo/QDCEVQ4sNgYsqvCZ722XogGieY=
golang.org/x/net v0.47.0 h1:Mx+4dIFzqraBXUugkia1OOvlD6LemFo1ALMHjrXDOhY=
golang.org/x/net v0.47.0/go.mod h1:/jNxtkgq5yWUGYkaZGqo27cfGZ1c5Nen03aYrrKpVRU=
golang.org/x/sys v0.37.0 h1:fdNQudmxPjkdUTPnLn5mdQv7Zwvbvpaxqs831goi9kQ=
golang.org/x/sys v0.37.0/go.mod h1:OgkHotnGiDImocRcuBABYBEXf8A9a87e/uXjp9XT3ks=
golang.org/x/sys v0.38.0 h1:3yZWxaJjBmCWXqhN1qh02AkOnCQ1poK6oF+a7xWL6Gc=
golang.org/x/sys v0.38.0/go.mod h1:OgkHotnGiDImocRcuBABYBEXf8A9a87e/uXjp9XT3ks=
golang.org/x/term v0.36.0 h1:zMPR+aF8gfksFprF/Nc/rd1wRS1EI6nDBGyWAvDzx2Q=
golang.org/x/term v0.36.0/go.mod h1:Qu394IJq6V6dCBRgwqshf3mPF85AqzYEzofzRdZkWss=
golang.org/x/term v0.37.0 h1:8EGAD0qCmHYZg6J17DvsMy9/wJ7/D/4pV/wfnld5lTU=
golang.org/x/text v0.30.0 h1:yznKA/E9zq54KzlzBEAWn1NXSQ8DIp/NYMy88xJjl4k=
golang.org/x/text v0.30.0/go.mod h1:yDdHFIX9t+tORqspjENWgzaCVXgk0yYnYuSZ8UzzBVM=
golang.org/x/text v0.31.0 h1:aC8ghyu4JhP8VojJ2lEHBnochRno1sgL6nEi9WGFGMM=
golang.org/x/text v0.31.0/go.mod h1:tKRAlv61yKIjGGHX/4tP1LTbc13YSec1pxVEWXzfoeM=
resty.dev/v3 v3.0.0-beta.3 h1:3kEwzEgCnnS6Ob4Emlk94t+I/gClyoah7SnNi67lt+E=
resty.dev/v3 v3.0.0-beta.3/go.mod h1:OgkqiPvTDtOuV4MGZuUDhwOpkY8enjOsjjMzeOHefy4=
resty.dev/v3 v3.0.0-beta.4 h1:2O77oFymtA4NT8AY87wAaSgSGUBk2yvvM1qno9VRXZU=
resty.dev/v3 v3.0.0-beta.4/go.mod h1:NTOerrC/4T7/FE6tXIZGIysXXBdgNqwMZuKtxpea9NM=
