github.com/zhujintao/kit-go/ssh v0.0.0-20251016111736-855e8eca55bd h1:RQ1a1bhT1mzZrDf9dr4Sa5RfIygtkdAFyxbbREHMHOI=
github.com/zhujintao/kit-go/ssh v0.0.0-20251016111736-855e8eca55bd/go.mod h1:oyBIVJhUINQ/BocN6+HOVR7u7cL7mxUrqkIakMzN99Y=
github.com/zhujintao/kit-go/ssh v0.0.0-20251016150618-229b253dbaee h1:kPPdHsJkNfgD/CcwF5kPZLXFkxTE5l4xBeSl4yMoB2g=
github.com/zhujintao/kit-go/ssh v0.0.0-20251016150618-229b253dbaee/go.mod h1:dRRUJ1XoeVu26rWUVkvPRlZpA0D6eL97VgKZpX0B3yc=
github.com/zhujintao/kit-go/ssh v0.0.0-20251016153359-f09281e48bed h1:Id8wpVOCe4F6NE8euR4IueTcZu7upG9JmMxUx+UWmAs=
github.com/zhujintao/kit-go/ssh v0.0.0-20251016153359-f09281e48bed/go.mod h1:dRRUJ1XoeVu26rWUVkvPRlZpA0D6eL97VgKZpX0B3yc=
github.com/zhujintao/kit-go/ssh v0.0.0-20251016162418-e8604ba3df72 h1:lH+7GbPGgXm8fHypuNQGgXac2A9i061MVJN4wS14zQM=
github.com/zhujintao/kit-go/ssh v0.0.0-20251016162418-e8604ba3df72/go.mod h1:dRRUJ1XoeVu26rWUVkvPRlZpA0D6eL97VgKZpX0B3yc=
github.com/zhujintao/kit-go/ssh v0.0.0-20251017021454-0478664be65f h1:71b0QTppnTwqgglq8qhZNUa5FJLecBN9EZbu/VYg7tQ=
github.com/zhujintao/kit-go/ssh v0.0.0-20251017021454-0478664be65f/go.mod h1:dRRUJ1XoeVu26rWUVkvPRlZpA0D6eL97VgKZpX0B3yc=
github.com/zhujintao/kit-go/ssh v0.0.0-20251017025821-00db9ccc3841 h1:9WFDYPY7i5xB4bpMc7MxiT6HaR2l0VmwgEnfDbYO58I=
github.com/zhujintao/kit-go/ssh v0.0.0-20251017025821-00db9ccc3841/go.mod h1:dRRUJ1XoeVu26rWUVkvPRlZpA0D6eL97VgKZpX0B3yc=
golang.org/x/crypto v0.43.0 h1:dduJYIi3A3KOfdGOHX8AVZ/jGiyPa3IbBozJ5kNuE04=
golang.org/x/crypto v0.43.0/go.mod h1:BFbav4mRNlXJL4wNeejLpWxB7wMbc79PdRGhWKncxR0=
golang.org/x/net v0.45.0 h1:RLBg5JKixCy82FtLJpeNlVM0nrSqpCRYzVU1n8kj0tM=
golang.org/x/net v0.45.0/go.mod h1:ECOoLqd5U3Lhyeyo/QDCEVQ4sNgYsqvCZ722XogGieY=
golang.org/x/sys v0.37.0 h1:fdNQudmxPjkdUTPnLn5mdQv7Zwvbvpaxqs831goi9kQ=
golang.org/x/sys v0.37.0/go.mod h1:OgkHotnGiDImocRcuBABYBEXf8A9a87e/uXjp9XT3ks=
golang.org/x/term v0.36.0 h1:zMPR+aF8gfksFprF/Nc/rd1wRS1EI6nDBGyWAvDzx2Q=
golang.org/x/term v0.36.0/go.mod h1:Qu394IJq6V6dCBRgwqshf3mPF85AqzYEzofzRdZkWss=
golang.org/x/text v0.30.0 h1:yznKA/E9zq54KzlzBEAWn1NXSQ8DIp/NYMy88xJjl4k=
golang.org/x/text v0.30.0/go.mod h1:yDdHFIX9t+tORqspjENWgzaCVXgk0yYnYuSZ8UzzBVM=
resty.dev/v3 v3.0.0-beta.3 h1:3kEwzEgCnnS6Ob4Emlk94t+I/gClyoah7SnNi67lt+E=
resty.dev/v3 v3.0.0-beta.3/go.mod h1:OgkqiPvTDtOuV4MGZuUDhwOpkY8enjOsjjMzeOHefy4=
